
Microsoft Visual Studio Solution File, Format Version 12.00
# Visual Studio Version 17
VisualStudioVersion = 17.9.34728.123
MinimumVisualStudioVersion = 10.0.40219.1
Project("{FAE04EC0-301F-11D3-BF4B-00C04F79EFBC}") = "FileProviderTest", "FileProviderTest\FileProviderTest.csproj", "{D4336125-0B32-4A9A-804A-56FF97DA2ACE}"
EndProject
Global
	GlobalSection(SolutionConfigurationPlatforms) = preSolution
		Debug|Any CPU = Debug|Any CPU
		Release|Any CPU = Release|Any CPU
	EndGlobalSection
	GlobalSection(ProjectConfigurationPlatforms) = postSolution
		{D4336125-0B32-4A9A-804A-56FF97DA2ACE}.Debug|Any CPU.ActiveCfg = Debug|Any CPU
		{D4336125-0B32-4A9A-804A-56FF97DA2ACE}.Debug|Any CPU.Build.0 = Debug|Any CPU
		{D4336125-0B32-4A9A-804A-56FF97DA2ACE}.Release|Any CPU.ActiveCfg = Release|Any CPU
		{D4336125-0B32-4A9A-804A-56FF97DA2ACE}.Release|Any CPU.Build.0 = Release|Any CPU
	EndGlobalSection
	GlobalSection(SolutionProperties) = preSolution
		HideSolutionNode = FALSE
	EndGlobalSection
	GlobalSection(ExtensibilityGlobals) = postSolution
		SolutionGuid = {B47186BB-CC46-4760-A7DF-3D13ADEE6453}
	EndGlobalSection
EndGlobal
